
Microsoft Visual Studio Solution File, Format Version 12.00
# Visual Studio Version 16
VisualStudioVersion = 16.0.31313.79
MinimumVisualStudioVersion = 10.0.40219.1
Project("{9A19103F-16F7-4668-BE54-9A1E7A4F7556}") = "Tennis_Web", "Tennis_Web\Tennis_Web.csproj", "{E9310179-5300-4E2B-9842-DE036937B6BF}"
EndProject
Project("{9A19103F-16F7-4668-BE54-9A1E7A4F7556}") = "Models", "Models\Models.csproj", "{345812DA-9A8D-49C9-97DD-56EC01FCF5E2}"
EndProject
Project("{9A19103F-16F7-4668-BE54-9A1E7A4F7556}") = "DataAccess", "DataAccess\DataAccess.csproj", "{3D23B9A3-106C-4E3B-8641-D5873784AE94}"
EndProject
Project("{FAE04EC0-301F-11D3-BF4B-00C04F79EFBC}") = "Library", "Library\Library.csproj", "{FAD75A4E-31FC-4612-B6CC-02E936850AA8}"
EndProject
Global
	GlobalSection(SolutionConfigurationPlatforms) = preSolution
		Debug|Any CPU = Debug|Any CPU
		Release|Any CPU = Release|Any CPU
	EndGlobalSection
	GlobalSection(ProjectConfigurationPlatforms) = postSolution
		{E9310179-5300-4E2B-9842-DE036937B6BF}.Debug|Any CPU.ActiveCfg = Debug|Any CPU
		{E9310179-5300-4E2B-9842-DE036937B6BF}.Debug|Any CPU.Build.0 = Debug|Any CPU
		{E9310179-5300-4E2B-9842-DE036937B6BF}.Release|Any CPU.ActiveCfg = Release|Any CPU
		{E9310179-5300-4E2B-9842-DE036937B6BF}.Release|Any CPU.Build.0 = Release|Any CPU
		{345812DA-9A8D-49C9-97DD-56EC01FCF5E2}.Debug|Any CPU.ActiveCfg = Debug|Any CPU
		{345812DA-9A8D-49C9-97DD-56EC01FCF5E2}.Debug|Any CPU.Build.0 = Debug|Any CPU
		{345812DA-9A8D-49C9-97DD-56EC01FCF5E2}.Release|Any CPU.ActiveCfg = Release|Any CPU
		{345812DA-9A8D-49C9-97DD-56EC01FCF5E2}.Release|Any CPU.Build.0 = Release|Any CPU
		{3D23B9A3-106C-4E3B-8641-D5873784AE94}.Debug|Any CPU.ActiveCfg = Debug|Any CPU
		{3D23B9A3-106C-4E3B-8641-D5873784AE94}.Debug|Any CPU.Build.0 = Debug|Any CPU
		{3D23B9A3-106C-4E3B-8641-D5873784AE94}.Release|Any CPU.ActiveCfg = Release|Any CPU
		{3D23B9A3-106C-4E3B-8641-D5873784AE94}.Release|Any CPU.Build.0 = Release|Any CPU
		{FAD75A4E-31FC-4612-B6CC-02E936850AA8}.Debug|Any CPU.ActiveCfg = Debug|Any CPU
		{FAD75A4E-31FC-4612-B6CC-02E936850AA8}.Debug|Any CPU.Build.0 = Debug|Any CPU
		{FAD75A4E-31FC-4612-B6CC-02E936850AA8}.Release|Any CPU.ActiveCfg = Release|Any CPU
		{FAD75A4E-31FC-4612-B6CC-02E936850AA8}.Release|Any CPU.Build.0 = Release|Any CPU
	EndGlobalSection
	GlobalSection(SolutionProperties) = preSolution
		HideSolutionNode = FALSE
	EndGlobalSection
	GlobalSection(ExtensibilityGlobals) = postSolution
		SolutionGuid = {C5BE9C09-3835-4F98-A295-0E3D753A49A2}
	EndGlobalSection
EndGlobal
